
Microsoft Visual Studio Solution File, Format Version 12.00
# Visual Studio 14
VisualStudioVersion = 14.0.25123.0
MinimumVisualStudioVersion = 10.0.40219.1
Project("{E96A7B68-373C-4224-A92F-FB8D55131BD0}") = "Sitecore.Support.316302", "Sitecore.Support.316302\Sitecore.Support.316302.csproj", "{90482AB4-6367-4A2E-9E3C-A98AEB33EC01}"
EndProject
Global
	GlobalSection(SolutionConfigurationPlatforms) = preSolution
		Debug|Any CPU = Debug|Any CPU
		Release|Any CPU = Release|Any CPU
	EndGlobalSection
	GlobalSection(ProjectConfigurationPlatforms) = postSolution
		{90482AB4-6367-4A2E-9E3C-A98AEB33EC01}.Debug|Any CPU.ActiveCfg = Debug|Any CPU
		{90482AB4-6367-4A2E-9E3C-A98AEB33EC01}.Debug|Any CPU.Build.0 = Debug|Any CPU
		{90482AB4-6367-4A2E-9E3C-A98AEB33EC01}.Release|Any CPU.ActiveCfg = Release|Any CPU
		{90482AB4-6367-4A2E-9E3C-A98AEB33EC01}.Release|Any CPU.Build.0 = Release|Any CPU
	EndGlobalSection
	GlobalSection(SolutionProperties) = preSolution
		HideSolutionNode = FALSE
	EndGlobalSection
EndGlobal
